
Microsoft Visual Studio Solution File, Format Version 12.00
# Visual Studio 15
VisualStudioVersion = 15.0.27130.2027
MinimumVisualStudioVersion = 10.0.40219.1
Project("{FAE04EC0-301F-11D3-BF4B-00C04F79EFBC}") = "ExampleUwpAndXboxController", "ExampleUwpAndXboxController\ExampleUwpAndXboxController.csproj", "{8898E81F-8EF1-4D40-941A-AADA6F88E1B3}"
EndProject
Global
	GlobalSection(SolutionConfigurationPlatforms) = preSolution
		Debug|ARM = Debug|ARM
		Debug|x64 = Debug|x64
		Debug|x86 = Debug|x86
		Release|ARM = Release|ARM
		Release|x64 = Release|x64
		Release|x86 = Release|x86
	EndGlobalSection
	GlobalSection(ProjectConfigurationPlatforms) = postSolution
		{8898E81F-8EF1-4D40-941A-AADA6F88E1B3}.Debug|ARM.ActiveCfg = Debug|ARM
		{8898E81F-8EF1-4D40-941A-AADA6F88E1B3}.Debug|ARM.Build.0 = Debug|ARM
		{8898E81F-8EF1-4D40-941A-AADA6F88E1B3}.Debug|ARM.Deploy.0 = Debug|ARM
		{8898E81F-8EF1-4D40-941A-AADA6F88E1B3}.Debug|x64.ActiveCfg = Debug|x64
		{8898E81F-8EF1-4D40-941A-AADA6F88E1B3}.Debug|x64.Build.0 = Debug|x64
		{8898E81F-8EF1-4D40-941A-AADA6F88E1B3}.Debug|x64.Deploy.0 = Debug|x64
		{8898E81F-8EF1-4D40-941A-AADA6F88E1B3}.Debug|x86.ActiveCfg = Debug|x86
		{8898E81F-8EF1-4D40-941A-AADA6F88E1B3}.Debug|x86.Build.0 = Debug|x86
		{8898E81F-8EF1-4D40-941A-AADA6F88E1B3}.Debug|x86.Deploy.0 = Debug|x86
		{8898E81F-8EF1-4D40-941A-AADA6F88E1B3}.Release|ARM.ActiveCfg = Release|ARM
		{8898E81F-8EF1-4D40-941A-AADA6F88E1B3}.Release|ARM.Build.0 = Release|ARM
		{8898E81F-8EF1-4D40-941A-AADA6F88E1B3}.Release|ARM.Deploy.0 = Release|ARM
		{8898E81F-8EF1-4D40-941A-AADA6F88E1B3}.Release|x64.ActiveCfg = Release|x64
		{8898E81F-8EF1-4D40-941A-AADA6F88E1B3}.Release|x64.Build.0 = Release|x64
		{8898E81F-8EF1-4D40-941A-AADA6F88E1B3}.Release|x64.Deploy.0 = Release|x64
		{8898E81F-8EF1-4D40-941A-AADA6F88E1B3}.Release|x86.ActiveCfg = Release|x86
		{8898E81F-8EF1-4D40-941A-AADA6F88E1B3}.Release|x86.Build.0 = Release|x86
		{8898E81F-8EF1-4D40-941A-AADA6F88E1B3}.Release|x86.Deploy.0 = Release|x86
	EndGlobalSection
	GlobalSection(SolutionProperties) = preSolution
		HideSolutionNode = FALSE
	EndGlobalSection
	GlobalSection(ExtensibilityGlobals) = postSolution
		SolutionGuid = {D3303AF5-FD96-4C43-973E-70FF9D50F8D3}
	EndGlobalSection
	GlobalSection(TeamFoundationVersionControl) = preSolution
		SccNumberOfProjects = 2
		SccEnterpriseProvider = {4CA58AB2-18FA-4F8D-95D4-32DDF27D184C}
		SccTeamFoundationServer = http://legionserver:8080/tfs/projektsammlung
		SccLocalPath0 = .
		SccProjectUniqueName1 = ExampleUwpAndXboxController\\ExampleUwpAndXboxController.csproj
		SccProjectName1 = ExampleUwpAndXboxController
		SccLocalPath1 = ExampleUwpAndXboxController
	EndGlobalSection
EndGlobal
